// !$*UTF8*$!
{
	archiveVersion = 1;
	classes = {
	};
	objectVersion = 50;
	objects = {

/* Begin PBXBuildFile section */
		3001BEEFBB96BEA4B75CB441 /* Pods_PumpUITests.framework in Frameworks */ = {isa = PBXBuildFile; fileRef = 2644D287D8F2DF1269E93402 /* Pods_PumpUITests.framework */; };
		41C24E877E635100207D38D2 /* Pods_PumpTests.framework in Frameworks */ = {isa = PBXBuildFile; fileRef = 24E52702883426696FB23E17 /* Pods_PumpTests.framework */; };
		4FFC69BB0E1710685DF50693 /* Pods_Pump.framework in Frameworks */ = {isa = PBXBuildFile; fileRef = BFDE8D9C59F63B709FD4A0CA /* Pods_Pump.framework */; };
		D7050434229385E20099BE02 /* AppDelegate.swift in Sources */ = {isa = PBXBuildFile; fileRef = D7050433229385E20099BE02 /* AppDelegate.swift */; };
		D7050439229385E20099BE02 /* Main.storyboard in Resources */ = {isa = PBXBuildFile; fileRef = D7050437229385E20099BE02 /* Main.storyboard */; };
		D705043B229385E30099BE02 /* Assets.xcassets in Resources */ = {isa = PBXBuildFile; fileRef = D705043A229385E30099BE02 /* Assets.xcassets */; };
		D705043E229385E30099BE02 /* LaunchScreen.storyboard in Resources */ = {isa = PBXBuildFile; fileRef = D705043C229385E30099BE02 /* LaunchScreen.storyboard */; };
		D7050449229385E30099BE02 /* PumpTests.swift in Sources */ = {isa = PBXBuildFile; fileRef = D7050448229385E30099BE02 /* PumpTests.swift */; };
		D7050454229385E30099BE02 /* PumpUITests.swift in Sources */ = {isa = PBXBuildFile; fileRef = D7050453229385E30099BE02 /* PumpUITests.swift */; };
		D705046A22943E3C0099BE02 /* Signal.swift in Sources */ = {isa = PBXBuildFile; fileRef = D705046922943E3C0099BE02 /* Signal.swift */; };
		D705046C229449E90099BE02 /* Constants.swift in Sources */ = {isa = PBXBuildFile; fileRef = D705046B229449E90099BE02 /* Constants.swift */; };
		D7050471229472580099BE02 /* SignalTableViewController.swift in Sources */ = {isa = PBXBuildFile; fileRef = D7050470229472580099BE02 /* SignalTableViewController.swift */; };
		D7050473229472660099BE02 /* SignalTableViewCell.swift in Sources */ = {isa = PBXBuildFile; fileRef = D7050472229472660099BE02 /* SignalTableViewCell.swift */; };
		D71021BA229DE32400AEFB30 /* Offer.swift in Sources */ = {isa = PBXBuildFile; fileRef = D71021B9229DE32400AEFB30 /* Offer.swift */; };
		D71021BC229DE52100AEFB30 /* OfferTableViewCell.swift in Sources */ = {isa = PBXBuildFile; fileRef = D71021BB229DE52100AEFB30 /* OfferTableViewCell.swift */; };
		D71021BE229E2CB400AEFB30 /* DeadlineView.swift in Sources */ = {isa = PBXBuildFile; fileRef = D71021BD229E2CB400AEFB30 /* DeadlineView.swift */; };
		D72C032F229FDE1E005C219F /* MainViewController.swift in Sources */ = {isa = PBXBuildFile; fileRef = D72C032E229FDE1E005C219F /* MainViewController.swift */; };
		D738B34C2295B01D007B4C05 /* SignalViewController.swift in Sources */ = {isa = PBXBuildFile; fileRef = D738B34B2295B01D007B4C05 /* SignalViewController.swift */; };
		D75AF5D72298347E000E7C9B /* FirebaseTableViewCell.swift in Sources */ = {isa = PBXBuildFile; fileRef = D75AF5D62298347E000E7C9B /* FirebaseTableViewCell.swift */; };
		D75AF5DB229836C7000E7C9B /* MonthTableViewController.swift in Sources */ = {isa = PBXBuildFile; fileRef = D75AF5DA229836C7000E7C9B /* MonthTableViewController.swift */; };
		D75AF5DF229838C1000E7C9B /* ProfitTableViewCell.swift in Sources */ = {isa = PBXBuildFile; fileRef = D75AF5DE229838C1000E7C9B /* ProfitTableViewCell.swift */; };
		D75AF5E1229839B6000E7C9B /* WeekTableViewController.swift in Sources */ = {isa = PBXBuildFile; fileRef = D75AF5E0229839B6000E7C9B /* WeekTableViewController.swift */; };
		D75AF5E322983C75000E7C9B /* DayTableViewController.swift in Sources */ = {isa = PBXBuildFile; fileRef = D75AF5E222983C75000E7C9B /* DayTableViewController.swift */; };
		D75AF5E622984115000E7C9B /* DayTableViewCell.swift in Sources */ = {isa = PBXBuildFile; fileRef = D75AF5E422984115000E7C9B /* DayTableViewCell.swift */; };
		D770CB4722A375C400870971 /* NavigationViewController.swift in Sources */ = {isa = PBXBuildFile; fileRef = D770CB4622A375C400870971 /* NavigationViewController.swift */; };
		D779CCEE229F35B900CECDD1 /* StoreKit.framework in Frameworks */ = {isa = PBXBuildFile; fileRef = D779CCED229F35B900CECDD1 /* StoreKit.framework */; };
		D77B5D0722A216F50082A63F /* TextFieldViewController.swift in Sources */ = {isa = PBXBuildFile; fileRef = D77B5D0622A216F50082A63F /* TextFieldViewController.swift */; };
		D782754D22962F20009862BF /* AdminMonthTableViewController.swift in Sources */ = {isa = PBXBuildFile; fileRef = D782754C22962F20009862BF /* AdminMonthTableViewController.swift */; };
		D782754F22962FA3009862BF /* AddMonthTableViewCell.swift in Sources */ = {isa = PBXBuildFile; fileRef = D782754E22962FA3009862BF /* AddMonthTableViewCell.swift */; };
		D782755122963347009862BF /* FirebaseTableViewController.swift in Sources */ = {isa = PBXBuildFile; fileRef = D782755022963347009862BF /* FirebaseTableViewController.swift */; };
		D78275532296340D009862BF /* BaseFirebaseRef.swift in Sources */ = {isa = PBXBuildFile; fileRef = D78275522296340D009862BF /* BaseFirebaseRef.swift */; };
		D782755622963CA1009862BF /* AdminWeekTableViewController.swift in Sources */ = {isa = PBXBuildFile; fileRef = D782755522963CA1009862BF /* AdminWeekTableViewController.swift */; };
		D7827558229641FD009862BF /* AddWeekTableViewCell.swift in Sources */ = {isa = PBXBuildFile; fileRef = D7827557229641FD009862BF /* AddWeekTableViewCell.swift */; };
		D782755A22970A7C009862BF /* AdminDayTableViewController.swift in Sources */ = {isa = PBXBuildFile; fileRef = D782755922970A7C009862BF /* AdminDayTableViewController.swift */; };
		D782755D22970F9B009862BF /* AddDayTableViewCell.swift in Sources */ = {isa = PBXBuildFile; fileRef = D782755C22970F9B009862BF /* AddDayTableViewCell.swift */; };
		D79BCE8B229C79240099F5FD /* User.swift in Sources */ = {isa = PBXBuildFile; fileRef = D79BCE8A229C79240099F5FD /* User.swift */; };
		D79BCE8F229CD7310099F5FD /* ProfileViewController.swift in Sources */ = {isa = PBXBuildFile; fileRef = D79BCE8E229CD7310099F5FD /* ProfileViewController.swift */; };
		D79FED4722A1898700D553C9 /* WarningViewController.swift in Sources */ = {isa = PBXBuildFile; fileRef = D79FED4622A1898700D553C9 /* WarningViewController.swift */; };
		D7D9A2F722B12D2900E2944E /* GoogleService-Info.plist in Resources */ = {isa = PBXBuildFile; fileRef = D7D9A2F622B12D2900E2944E /* GoogleService-Info.plist */; };
		D7EC6C3322949F6600C597C2 /* ChatBox.swift in Sources */ = {isa = PBXBuildFile; fileRef = D7EC6C3222949F6600C597C2 /* ChatBox.swift */; };
		D7EEB942229AE4A400A8286C /* SignUpViewController.swift in Sources */ = {isa = PBXBuildFile; fileRef = D7EEB941229AE4A400A8286C /* SignUpViewController.swift */; };
		D7EEB944229AE4C300A8286C /* LoginViewController.swift in Sources */ = {isa = PBXBuildFile; fileRef = D7EEB943229AE4C300A8286C /* LoginViewController.swift */; };
		D7F4F01622994C70000589F4 /* DayRef.swift in Sources */ = {isa = PBXBuildFile; fileRef = D7F4F01522994C70000589F4 /* DayRef.swift */; };
/* End PBXBuildFile section */

/* Begin PBXContainerItemProxy section */
		D7050445229385E30099BE02 /* PBXContainerItemProxy */ = {
			isa = PBXContainerItemProxy;
			containerPortal = D7050428229385E20099BE02 /* Project object */;
			proxyType = 1;
			remoteGlobalIDString = D705042F229385E20099BE02;
			remoteInfo = Pump;
		};
		D7050450229385E30099BE02 /* PBXContainerItemProxy */ = {
			isa = PBXContainerItemProxy;
			containerPortal = D7050428229385E20099BE02 /* Project object */;
			proxyType = 1;
			remoteGlobalIDString = D705042F229385E20099BE02;
			remoteInfo = Pump;
		};
/* End PBXContainerItemProxy section */

/* Begin PBXFileReference section */
		035C3A9D42232BC50055F4AF /* Pods-PumpTests.release.xcconfig */ = {isa = PBXFileReference; includeInIndex = 1; lastKnownFileType = text.xcconfig; name = "Pods-PumpTests.release.xcconfig"; path = "Target Support Files/Pods-PumpTests/Pods-PumpTests.release.xcconfig"; sourceTree = "<group>"; };
		24E52702883426696FB23E17 /* Pods_PumpTests.framework */ = {isa = PBXFileReference; explicitFileType = wrapper.framework; includeInIndex = 0; path = Pods_PumpTests.framework; sourceTree = BUILT_PRODUCTS_DIR; };
		2644D287D8F2DF1269E93402 /* Pods_PumpUITests.framework */ = {isa = PBXFileReference; explicitFileType = wrapper.framework; includeInIndex = 0; path = Pods_PumpUITests.framework; sourceTree = BUILT_PRODUCTS_DIR; };
		5F45399F898585F0DA18709A /* Pods-PumpUITests.debug.xcconfig */ = {isa = PBXFileReference; includeInIndex = 1; lastKnownFileType = text.xcconfig; name = "Pods-PumpUITests.debug.xcconfig"; path = "Target Support Files/Pods-PumpUITests/Pods-PumpUITests.debug.xcconfig"; sourceTree = "<group>"; };
		76346687EB85CE911BD74DB9 /* Pods-PumpTests.debug.xcconfig */ = {isa = PBXFileReference; includeInIndex = 1; lastKnownFileType = text.xcconfig; name = "Pods-PumpTests.debug.xcconfig"; path = "Target Support Files/Pods-PumpTests/Pods-PumpTests.debug.xcconfig"; sourceTree = "<group>"; };
		BFDE8D9C59F63B709FD4A0CA /* Pods_Pump.framework */ = {isa = PBXFileReference; explicitFileType = wrapper.framework; includeInIndex = 0; path = Pods_Pump.framework; sourceTree = BUILT_PRODUCTS_DIR; };
		D7050430229385E20099BE02 /* Pump.app */ = {isa = PBXFileReference; explicitFileType = wrapper.application; includeInIndex = 0; path = Pump.app; sourceTree = BUILT_PRODUCTS_DIR; };
		D7050433229385E20099BE02 /* AppDelegate.swift */ = {isa = PBXFileReference; lastKnownFileType = sourcecode.swift; path = AppDelegate.swift; sourceTree = "<group>"; };
		D7050438229385E20099BE02 /* Base */ = {isa = PBXFileReference; lastKnownFileType = file.storyboard; name = Base; path = Base.lproj/Main.storyboard; sourceTree = "<group>"; };
		D705043A229385E30099BE02 /* Assets.xcassets */ = {isa = PBXFileReference; lastKnownFileType = folder.assetcatalog; path = Assets.xcassets; sourceTree = "<group>"; };
		D705043D229385E30099BE02 /* Base */ = {isa = PBXFileReference; lastKnownFileType = file.storyboard; name = Base; path = Base.lproj/LaunchScreen.storyboard; sourceTree = "<group>"; };
		D705043F229385E30099BE02 /* Info.plist */ = {isa = PBXFileReference; lastKnownFileType = text.plist.xml; path = Info.plist; sourceTree = "<group>"; };
		D7050444229385E30099BE02 /* PumpTests.xctest */ = {isa = PBXFileReference; explicitFileType = wrapper.cfbundle; includeInIndex = 0; path = PumpTests.xctest; sourceTree = BUILT_PRODUCTS_DIR; };
		D7050448229385E30099BE02 /* PumpTests.swift */ = {isa = PBXFileReference; lastKnownFileType = sourcecode.swift; path = PumpTests.swift; sourceTree = "<group>"; };
		D705044A229385E30099BE02 /* Info.plist */ = {isa = PBXFileReference; lastKnownFileType = text.plist.xml; path = Info.plist; sourceTree = "<group>"; };
		D705044F229385E30099BE02 /* PumpUITests.xctest */ = {isa = PBXFileReference; explicitFileType = wrapper.cfbundle; includeInIndex = 0; path = PumpUITests.xctest; sourceTree = BUILT_PRODUCTS_DIR; };
		D7050453229385E30099BE02 /* PumpUITests.swift */ = {isa = PBXFileReference; lastKnownFileType = sourcecode.swift; path = PumpUITests.swift; sourceTree = "<group>"; };
		D7050455229385E30099BE02 /* Info.plist */ = {isa = PBXFileReference; lastKnownFileType = text.plist.xml; path = Info.plist; sourceTree = "<group>"; };
		D705046922943E3C0099BE02 /* Signal.swift */ = {isa = PBXFileReference; lastKnownFileType = sourcecode.swift; path = Signal.swift; sourceTree = "<group>"; };
		D705046B229449E90099BE02 /* Constants.swift */ = {isa = PBXFileReference; lastKnownFileType = sourcecode.swift; path = Constants.swift; sourceTree = "<group>"; };
		D7050470229472580099BE02 /* SignalTableViewController.swift */ = {isa = PBXFileReference; lastKnownFileType = sourcecode.swift; path = SignalTableViewController.swift; sourceTree = "<group>"; };
		D7050472229472660099BE02 /* SignalTableViewCell.swift */ = {isa = PBXFileReference; lastKnownFileType = sourcecode.swift; path = SignalTableViewCell.swift; sourceTree = "<group>"; };
		D71021B9229DE32400AEFB30 /* Offer.swift */ = {isa = PBXFileReference; lastKnownFileType = sourcecode.swift; path = Offer.swift; sourceTree = "<group>"; };
		D71021BB229DE52100AEFB30 /* OfferTableViewCell.swift */ = {isa = PBXFileReference; lastKnownFileType = sourcecode.swift; path = OfferTableViewCell.swift; sourceTree = "<group>"; };
		D71021BD229E2CB400AEFB30 /* DeadlineView.swift */ = {isa = PBXFileReference; lastKnownFileType = sourcecode.swift; path = DeadlineView.swift; sourceTree = "<group>"; };
		D72A6B3222A1B66400900D02 /* Pump.entitlements */ = {isa = PBXFileReference; lastKnownFileType = text.plist.entitlements; path = Pump.entitlements; sourceTree = "<group>"; };
		D72C032E229FDE1E005C219F /* MainViewController.swift */ = {isa = PBXFileReference; lastKnownFileType = sourcecode.swift; name = MainViewController.swift; path = Pump/MainViewController.swift; sourceTree = SOURCE_ROOT; };
		D738B34B2295B01D007B4C05 /* SignalViewController.swift */ = {isa = PBXFileReference; lastKnownFileType = sourcecode.swift; path = SignalViewController.swift; sourceTree = "<group>"; };
		D75AF5D62298347E000E7C9B /* FirebaseTableViewCell.swift */ = {isa = PBXFileReference; lastKnownFileType = sourcecode.swift; path = FirebaseTableViewCell.swift; sourceTree = "<group>"; };
		D75AF5DA229836C7000E7C9B /* MonthTableViewController.swift */ = {isa = PBXFileReference; lastKnownFileType = sourcecode.swift; path = MonthTableViewController.swift; sourceTree = "<group>"; };
		D75AF5DE229838C1000E7C9B /* ProfitTableViewCell.swift */ = {isa = PBXFileReference; lastKnownFileType = sourcecode.swift; path = ProfitTableViewCell.swift; sourceTree = "<group>"; };
		D75AF5E0229839B6000E7C9B /* WeekTableViewController.swift */ = {isa = PBXFileReference; lastKnownFileType = sourcecode.swift; path = WeekTableViewController.swift; sourceTree = "<group>"; };
		D75AF5E222983C75000E7C9B /* DayTableViewController.swift */ = {isa = PBXFileReference; lastKnownFileType = sourcecode.swift; path = DayTableViewController.swift; sourceTree = "<group>"; };
		D75AF5E422984115000E7C9B /* DayTableViewCell.swift */ = {isa = PBXFileReference; fileEncoding = 4; lastKnownFileType = sourcecode.swift; path = DayTableViewCell.swift; sourceTree = "<group>"; };
		D770CB4622A375C400870971 /* NavigationViewController.swift */ = {isa = PBXFileReference; lastKnownFileType = sourcecode.swift; path = NavigationViewController.swift; sourceTree = "<group>"; };
		D779CCED229F35B900CECDD1 /* StoreKit.framework */ = {isa = PBXFileReference; lastKnownFileType = wrapper.framework; name = StoreKit.framework; path = System/Library/Frameworks/StoreKit.framework; sourceTree = SDKROOT; };
		D77B5D0622A216F50082A63F /* TextFieldViewController.swift */ = {isa = PBXFileReference; lastKnownFileType = sourcecode.swift; path = TextFieldViewController.swift; sourceTree = "<group>"; };
		D782754C22962F20009862BF /* AdminMonthTableViewController.swift */ = {isa = PBXFileReference; lastKnownFileType = sourcecode.swift; path = AdminMonthTableViewController.swift; sourceTree = "<group>"; };
		D782754E22962FA3009862BF /* AddMonthTableViewCell.swift */ = {isa = PBXFileReference; lastKnownFileType = sourcecode.swift; path = AddMonthTableViewCell.swift; sourceTree = "<group>"; };
		D782755022963347009862BF /* FirebaseTableViewController.swift */ = {isa = PBXFileReference; lastKnownFileType = sourcecode.swift; path = FirebaseTableViewController.swift; sourceTree = "<group>"; };
		D78275522296340D009862BF /* BaseFirebaseRef.swift */ = {isa = PBXFileReference; lastKnownFileType = sourcecode.swift; path = BaseFirebaseRef.swift; sourceTree = "<group>"; };
		D782755522963CA1009862BF /* AdminWeekTableViewController.swift */ = {isa = PBXFileReference; lastKnownFileType = sourcecode.swift; path = AdminWeekTableViewController.swift; sourceTree = "<group>"; };
		D7827557229641FD009862BF /* AddWeekTableViewCell.swift */ = {isa = PBXFileReference; lastKnownFileType = sourcecode.swift; path = AddWeekTableViewCell.swift; sourceTree = "<group>"; };
		D782755922970A7C009862BF /* AdminDayTableViewController.swift */ = {isa = PBXFileReference; lastKnownFileType = sourcecode.swift; path = AdminDayTableViewController.swift; sourceTree = "<group>"; };
		D782755C22970F9B009862BF /* AddDayTableViewCell.swift */ = {isa = PBXFileReference; lastKnownFileType = sourcecode.swift; path = AddDayTableViewCell.swift; sourceTree = "<group>"; };
		D79BCE8A229C79240099F5FD /* User.swift */ = {isa = PBXFileReference; lastKnownFileType = sourcecode.swift; path = User.swift; sourceTree = "<group>"; };
		D79BCE8E229CD7310099F5FD /* ProfileViewController.swift */ = {isa = PBXFileReference; lastKnownFileType = sourcecode.swift; path = ProfileViewController.swift; sourceTree = "<group>"; };
		D79FED4622A1898700D553C9 /* WarningViewController.swift */ = {isa = PBXFileReference; lastKnownFileType = sourcecode.swift; path = WarningViewController.swift; sourceTree = "<group>"; };
		D7D9A2F622B12D2900E2944E /* GoogleService-Info.plist */ = {isa = PBXFileReference; fileEncoding = 4; lastKnownFileType = text.plist.xml; path = "GoogleService-Info.plist"; sourceTree = "<group>"; };
		D7EC6C3222949F6600C597C2 /* ChatBox.swift */ = {isa = PBXFileReference; lastKnownFileType = sourcecode.swift; path = ChatBox.swift; sourceTree = "<group>"; };
		D7EEB941229AE4A400A8286C /* SignUpViewController.swift */ = {isa = PBXFileReference; lastKnownFileType = sourcecode.swift; path = SignUpViewController.swift; sourceTree = "<group>"; };
		D7EEB943229AE4C300A8286C /* LoginViewController.swift */ = {isa = PBXFileReference; lastKnownFileType = sourcecode.swift; path = LoginViewController.swift; sourceTree = "<group>"; };
		D7F4F01522994C70000589F4 /* DayRef.swift */ = {isa = PBXFileReference; lastKnownFileType = sourcecode.swift; path = DayRef.swift; sourceTree = "<group>"; };
		DDFDC1779746A48B27FED1B2 /* Pods-PumpUITests.release.xcconfig */ = {isa = PBXFileReference; includeInIndex = 1; lastKnownFileType = text.xcconfig; name = "Pods-PumpUITests.release.xcconfig"; path = "Target Support Files/Pods-PumpUITests/Pods-PumpUITests.release.xcconfig"; sourceTree = "<group>"; };
		EB7FF9810345A907CA844B2B /* Pods-Pump.debug.xcconfig */ = {isa = PBXFileReference; includeInIndex = 1; lastKnownFileType = text.xcconfig; name = "Pods-Pump.debug.xcconfig"; path = "Target Support Files/Pods-Pump/Pods-Pump.debug.xcconfig"; sourceTree = "<group>"; };
		FF3C6AE1703560822EBC9AF4 /* Pods-Pump.release.xcconfig */ = {isa = PBXFileReference; includeInIndex = 1; lastKnownFileType = text.xcconfig; name = "Pods-Pump.release.xcconfig"; path = "Target Support Files/Pods-Pump/Pods-Pump.release.xcconfig"; sourceTree = "<group>"; };
/* End PBXFileReference section */

/* Begin PBXFrameworksBuildPhase section */
		D705042D229385E20099BE02 /* Frameworks */ = {
			isa = PBXFrameworksBuildPhase;
			buildActionMask = 2147483647;
			files = (
				4FFC69BB0E1710685DF50693 /* Pods_Pump.framework in Frameworks */,
				D779CCEE229F35B900CECDD1 /* StoreKit.framework in Frameworks */,
			);
			runOnlyForDeploymentPostprocessing = 0;
		};
		D7050441229385E30099BE02 /* Frameworks */ = {
			isa = PBXFrameworksBuildPhase;
			buildActionMask = 2147483647;
			files = (
				41C24E877E635100207D38D2 /* Pods_PumpTests.framework in Frameworks */,
			);
			runOnlyForDeploymentPostprocessing = 0;
		};
		D705044C229385E30099BE02 /* Frameworks */ = {
			isa = PBXFrameworksBuildPhase;
			buildActionMask = 2147483647;
			files = (
				3001BEEFBB96BEA4B75CB441 /* Pods_PumpUITests.framework in Frameworks */,
			);
			runOnlyForDeploymentPostprocessing = 0;
		};
/* End PBXFrameworksBuildPhase section */

/* Begin PBXGroup section */
		14805280DBBF03A0508A971E /* Pods */ = {
			isa = PBXGroup;
			children = (
				EB7FF9810345A907CA844B2B /* Pods-Pump.debug.xcconfig */,
				FF3C6AE1703560822EBC9AF4 /* Pods-Pump.release.xcconfig */,
				76346687EB85CE911BD74DB9 /* Pods-PumpTests.debug.xcconfig */,
				035C3A9D42232BC50055F4AF /* Pods-PumpTests.release.xcconfig */,
				5F45399F898585F0DA18709A /* Pods-PumpUITests.debug.xcconfig */,
				DDFDC1779746A48B27FED1B2 /* Pods-PumpUITests.release.xcconfig */,
			);
			path = Pods;
			sourceTree = "<group>";
		};
		3FCA8BDF9EE2ABA68C6DC5A8 /* Frameworks */ = {
			isa = PBXGroup;
			children = (
				D779CCED229F35B900CECDD1 /* StoreKit.framework */,
				BFDE8D9C59F63B709FD4A0CA /* Pods_Pump.framework */,
				24E52702883426696FB23E17 /* Pods_PumpTests.framework */,
				2644D287D8F2DF1269E93402 /* Pods_PumpUITests.framework */,
			);
			name = Frameworks;
			sourceTree = "<group>";
		};
		D7050427229385E20099BE02 = {
			isa = PBXGroup;
			children = (
				D7050432229385E20099BE02 /* Pump */,
				D7050447229385E30099BE02 /* PumpTests */,
				D7050452229385E30099BE02 /* PumpUITests */,
				D7050431229385E20099BE02 /* Products */,
				14805280DBBF03A0508A971E /* Pods */,
				3FCA8BDF9EE2ABA68C6DC5A8 /* Frameworks */,
			);
			sourceTree = "<group>";
		};
		D7050431229385E20099BE02 /* Products */ = {
			isa = PBXGroup;
			children = (
				D7050430229385E20099BE02 /* Pump.app */,
				D7050444229385E30099BE02 /* PumpTests.xctest */,
				D705044F229385E30099BE02 /* PumpUITests.xctest */,
			);
			name = Products;
			sourceTree = "<group>";
		};
		D7050432229385E20099BE02 /* Pump */ = {
			isa = PBXGroup;
			children = (
				D72A6B3222A1B66400900D02 /* Pump.entitlements */,
				D770CB4622A375C400870971 /* NavigationViewController.swift */,
				D72C032E229FDE1E005C219F /* MainViewController.swift */,
				D747876B229C7710001761F0 /* profile */,
				D7EEB93E229AE48800A8286C /* auth */,
				D7F4F01322994B4F000589F4 /* designables */,
				D738B34A2295B008007B4C05 /* admin */,
				D7050474229472900099BE02 /* signal */,
				D705046F229472150099BE02 /* registros */,
				D7F4F01822994C99000589F4 /* generic */,
				D7F4F01722994C8A000589F4 /* model */,
				D7050433229385E20099BE02 /* AppDelegate.swift */,
				D705046B229449E90099BE02 /* Constants.swift */,
				D705043A229385E30099BE02 /* Assets.xcassets */,
				D705043C229385E30099BE02 /* LaunchScreen.storyboard */,
				D705043F229385E30099BE02 /* Info.plist */,
				D7D9A2F622B12D2900E2944E /* GoogleService-Info.plist */,
			);
			path = Pump;
			sourceTree = "<group>";
		};
		D7050447229385E30099BE02 /* PumpTests */ = {
			isa = PBXGroup;
			children = (
				D7050448229385E30099BE02 /* PumpTests.swift */,
				D705044A229385E30099BE02 /* Info.plist */,
			);
			path = PumpTests;
			sourceTree = "<group>";
		};
		D7050452229385E30099BE02 /* PumpUITests */ = {
			isa = PBXGroup;
			children = (
				D7050453229385E30099BE02 /* PumpUITests.swift */,
				D7050455229385E30099BE02 /* Info.plist */,
			);
			path = PumpUITests;
			sourceTree = "<group>";
		};
		D705046F229472150099BE02 /* registros */ = {
			isa = PBXGroup;
			children = (
				D75AF5E422984115000E7C9B /* DayTableViewCell.swift */,
				D75AF5DE229838C1000E7C9B /* ProfitTableViewCell.swift */,
				D75AF5DA229836C7000E7C9B /* MonthTableViewController.swift */,
				D75AF5E0229839B6000E7C9B /* WeekTableViewController.swift */,
				D75AF5E222983C75000E7C9B /* DayTableViewController.swift */,
			);
			path = registros;
			sourceTree = "<group>";
		};
		D7050474229472900099BE02 /* signal */ = {
			isa = PBXGroup;
			children = (
				D7050470229472580099BE02 /* SignalTableViewController.swift */,
				D7050472229472660099BE02 /* SignalTableViewCell.swift */,
			);
			path = signal;
			sourceTree = "<group>";
		};
		D738B34A2295B008007B4C05 /* admin */ = {
			isa = PBXGroup;
			children = (
				D782755B22970A80009862BF /* day */,
				D782755422963C2E009862BF /* week */,
				D782754922962EF2009862BF /* month */,
				D738B34B2295B01D007B4C05 /* SignalViewController.swift */,
			);
			path = admin;
			sourceTree = "<group>";
		};
		D747876B229C7710001761F0 /* profile */ = {
			isa = PBXGroup;
			children = (
				D79BCE8E229CD7310099F5FD /* ProfileViewController.swift */,
				D71021BB229DE52100AEFB30 /* OfferTableViewCell.swift */,
			);
			path = profile;
			sourceTree = "<group>";
		};
		D782754922962EF2009862BF /* month */ = {
			isa = PBXGroup;
			children = (
				D782754C22962F20009862BF /* AdminMonthTableViewController.swift */,
				D782754E22962FA3009862BF /* AddMonthTableViewCell.swift */,
			);
			path = month;
			sourceTree = "<group>";
		};
		D782755422963C2E009862BF /* week */ = {
			isa = PBXGroup;
			children = (
				D782755522963CA1009862BF /* AdminWeekTableViewController.swift */,
				D7827557229641FD009862BF /* AddWeekTableViewCell.swift */,
			);
			path = week;
			sourceTree = "<group>";
		};
		D782755B22970A80009862BF /* day */ = {
			isa = PBXGroup;
			children = (
				D782755922970A7C009862BF /* AdminDayTableViewController.swift */,
				D782755C22970F9B009862BF /* AddDayTableViewCell.swift */,
			);
			path = day;
			sourceTree = "<group>";
		};
		D7EEB93E229AE48800A8286C /* auth */ = {
			isa = PBXGroup;
			children = (
				D7EEB941229AE4A400A8286C /* SignUpViewController.swift */,
				D7EEB943229AE4C300A8286C /* LoginViewController.swift */,
				D79FED4622A1898700D553C9 /* WarningViewController.swift */,
			);
			path = auth;
			sourceTree = "<group>";
		};
		D7F4F01322994B4F000589F4 /* designables */ = {
			isa = PBXGroup;
			children = (
				D7050437229385E20099BE02 /* Main.storyboard */,
				D7EC6C3222949F6600C597C2 /* ChatBox.swift */,
				D71021BD229E2CB400AEFB30 /* DeadlineView.swift */,
			);
			path = designables;
			sourceTree = "<group>";
		};
		D7F4F01722994C8A000589F4 /* model */ = {
			isa = PBXGroup;
			children = (
				D78275522296340D009862BF /* BaseFirebaseRef.swift */,
				D7F4F01522994C70000589F4 /* DayRef.swift */,
				D705046922943E3C0099BE02 /* Signal.swift */,
				D79BCE8A229C79240099F5FD /* User.swift */,
				D71021B9229DE32400AEFB30 /* Offer.swift */,
			);
			path = model;
			sourceTree = "<group>";
		};
		D7F4F01822994C99000589F4 /* generic */ = {
			isa = PBXGroup;
			children = (
				D782755022963347009862BF /* FirebaseTableViewController.swift */,
				D75AF5D62298347E000E7C9B /* FirebaseTableViewCell.swift */,
				D77B5D0622A216F50082A63F /* TextFieldViewController.swift */,
			);
			path = generic;
			sourceTree = "<group>";
		};
/* End PBXGroup section */

/* Begin PBXNativeTarget section */
		D705042F229385E20099BE02 /* Pump */ = {
			isa = PBXNativeTarget;
			buildConfigurationList = D7050458229385E30099BE02 /* Build configuration list for PBXNativeTarget "Pump" */;
			buildPhases = (
				2E865BD30315DCCA6BFD1A8E /* [CP] Check Pods Manifest.lock */,
				D705042C229385E20099BE02 /* Sources */,
				D705042D229385E20099BE02 /* Frameworks */,
				D705042E229385E20099BE02 /* Resources */,
				64A6C68C0D37D5A03B1FA3EA /* [CP] Embed Pods Frameworks */,
			);
			buildRules = (
			);
			dependencies = (
			);
			name = Pump;
			productName = Pump;
			productReference = D7050430229385E20099BE02 /* Pump.app */;
			productType = "com.apple.product-type.application";
		};
		D7050443229385E30099BE02 /* PumpTests */ = {
			isa = PBXNativeTarget;
			buildConfigurationList = D705045B229385E30099BE02 /* Build configuration list for PBXNativeTarget "PumpTests" */;
			buildPhases = (
				F38446F7129D5D6D87BC6590 /* [CP] Check Pods Manifest.lock */,
				D7050440229385E30099BE02 /* Sources */,
				D7050441229385E30099BE02 /* Frameworks */,
				D7050442229385E30099BE02 /* Resources */,
			);
			buildRules = (
			);
			dependencies = (
				D7050446229385E30099BE02 /* PBXTargetDependency */,
			);
			name = PumpTests;
			productName = PumpTests;
			productReference = D7050444229385E30099BE02 /* PumpTests.xctest */;
			productType = "com.apple.product-type.bundle.unit-test";
		};
		D705044E229385E30099BE02 /* PumpUITests */ = {
			isa = PBXNativeTarget;
			buildConfigurationList = D705045E229385E30099BE02 /* Build configuration list for PBXNativeTarget "PumpUITests" */;
			buildPhases = (
				3797B2D8B0137051CA9B0A57 /* [CP] Check Pods Manifest.lock */,
				D705044B229385E30099BE02 /* Sources */,
				D705044C229385E30099BE02 /* Frameworks */,
				D705044D229385E30099BE02 /* Resources */,
			);
			buildRules = (
			);
			dependencies = (
				D7050451229385E30099BE02 /* PBXTargetDependency */,
			);
			name = PumpUITests;
			productName = PumpUITests;
			productReference = D705044F229385E30099BE02 /* PumpUITests.xctest */;
			productType = "com.apple.product-type.bundle.ui-testing";
		};
/* End PBXNativeTarget section */

/* Begin PBXProject section */
		D7050428229385E20099BE02 /* Project object */ = {
			isa = PBXProject;
			attributes = {
				LastSwiftUpdateCheck = 1020;
				LastUpgradeCheck = 1020;
				ORGANIZATIONNAME = "Bruno Pastre";
				TargetAttributes = {
					D705042F229385E20099BE02 = {
						CreatedOnToolsVersion = 10.2.1;
						SystemCapabilities = {
							com.apple.InAppPurchase = {
								enabled = 1;
							};
							com.apple.Push = {
								enabled = 1;
							};
						};
					};
					D7050443229385E30099BE02 = {
						CreatedOnToolsVersion = 10.2.1;
						TestTargetID = D705042F229385E20099BE02;
					};
					D705044E229385E30099BE02 = {
						CreatedOnToolsVersion = 10.2.1;
						TestTargetID = D705042F229385E20099BE02;
					};
				};
			};
			buildConfigurationList = D705042B229385E20099BE02 /* Build configuration list for PBXProject "Pump" */;
			compatibilityVersion = "Xcode 9.3";
			developmentRegion = en;
			hasScannedForEncodings = 0;
			knownRegions = (
				en,
				Base,
			);
			mainGroup = D7050427229385E20099BE02;
			productRefGroup = D7050431229385E20099BE02 /* Products */;
			projectDirPath = "";
			projectRoot = "";
			targets = (
				D705042F229385E20099BE02 /* Pump */,
				D7050443229385E30099BE02 /* PumpTests */,
				D705044E229385E30099BE02 /* PumpUITests */,
			);
		};
/* End PBXProject section */

/* Begin PBXResourcesBuildPhase section */
		D705042E229385E20099BE02 /* Resources */ = {
			isa = PBXResourcesBuildPhase;
			buildActionMask = 2147483647;
			files = (
				D705043E229385E30099BE02 /* LaunchScreen.storyboard in Resources */,
				D7D9A2F722B12D2900E2944E /* GoogleService-Info.plist in Resources */,
				D705043B229385E30099BE02 /* Assets.xcassets in Resources */,
				D7050439229385E20099BE02 /* Main.storyboard in Resources */,
			);
			runOnlyForDeploymentPostprocessing = 0;
		};
		D7050442229385E30099BE02 /* Resources */ = {
			isa = PBXResourcesBuildPhase;
			buildActionMask = 2147483647;
			files = (
			);
			runOnlyForDeploymentPostprocessing = 0;
		};
		D705044D229385E30099BE02 /* Resources */ = {
			isa = PBXResourcesBuildPhase;
			buildActionMask = 2147483647;
			files = (
			);
			runOnlyForDeploymentPostprocessing = 0;
		};
/* End PBXResourcesBuildPhase section */

/* Begin PBXShellScriptBuildPhase section */
		2E865BD30315DCCA6BFD1A8E /* [CP] Check Pods Manifest.lock */ = {
			isa = PBXShellScriptBuildPhase;
			buildActionMask = 2147483647;
			files = (
			);
			inputFileListPaths = (
			);
			inputPaths = (
				"${PODS_PODFILE_DIR_PATH}/Podfile.lock",
				"${PODS_ROOT}/Manifest.lock",
			);
			name = "[CP] Check Pods Manifest.lock";
			outputFileListPaths = (
			);
			outputPaths = (
				"$(DERIVED_FILE_DIR)/Pods-Pump-checkManifestLockResult.txt",
			);
			runOnlyForDeploymentPostprocessing = 0;
			shellPath = /bin/sh;
			shellScript = "diff \"${PODS_PODFILE_DIR_PATH}/Podfile.lock\" \"${PODS_ROOT}/Manifest.lock\" > /dev/null\nif [ $? != 0 ] ; then\n    # print error to STDERR\n    echo \"error: The sandbox is not in sync with the Podfile.lock. Run 'pod install' or update your CocoaPods installation.\" >&2\n    exit 1\nfi\n# This output is used by Xcode 'outputs' to avoid re-running this script phase.\necho \"SUCCESS\" > \"${SCRIPT_OUTPUT_FILE_0}\"\n";
			showEnvVarsInLog = 0;
		};
		3797B2D8B0137051CA9B0A57 /* [CP] Check Pods Manifest.lock */ = {
			isa = PBXShellScriptBuildPhase;
			buildActionMask = 2147483647;
			files = (
			);
			inputFileListPaths = (
			);
			inputPaths = (
				"${PODS_PODFILE_DIR_PATH}/Podfile.lock",
				"${PODS_ROOT}/Manifest.lock",
			);
			name = "[CP] Check Pods Manifest.lock";
			outputFileListPaths = (
			);
			outputPaths = (
				"$(DERIVED_FILE_DIR)/Pods-PumpUITests-checkManifestLockResult.txt",
			);
			runOnlyForDeploymentPostprocessing = 0;
			shellPath = /bin/sh;
			shellScript = "diff \"${PODS_PODFILE_DIR_PATH}/Podfile.lock\" \"${PODS_ROOT}/Manifest.lock\" > /dev/null\nif [ $? != 0 ] ; then\n    # print error to STDERR\n    echo \"error: The sandbox is not in sync with the Podfile.lock. Run 'pod install' or update your CocoaPods installation.\" >&2\n    exit 1\nfi\n# This output is used by Xcode 'outputs' to avoid re-running this script phase.\necho \"SUCCESS\" > \"${SCRIPT_OUTPUT_FILE_0}\"\n";
			showEnvVarsInLog = 0;
		};
		64A6C68C0D37D5A03B1FA3EA /* [CP] Embed Pods Frameworks */ = {
			isa = PBXShellScriptBuildPhase;
			buildActionMask = 2147483647;
			files = (
			);
			inputFileListPaths = (
			);
			inputPaths = (
				"${PODS_ROOT}/Target Support Files/Pods-Pump/Pods-Pump-frameworks.sh",
				"${BUILT_PRODUCTS_DIR}/GTMSessionFetcher/GTMSessionFetcher.framework",
				"${BUILT_PRODUCTS_DIR}/GoogleUtilities/GoogleUtilities.framework",
				"${BUILT_PRODUCTS_DIR}/Protobuf/Protobuf.framework",
				"${BUILT_PRODUCTS_DIR}/leveldb-library/leveldb.framework",
				"${BUILT_PRODUCTS_DIR}/nanopb/nanopb.framework",
			);
			name = "[CP] Embed Pods Frameworks";
			outputFileListPaths = (
			);
			outputPaths = (
				"${TARGET_BUILD_DIR}/${FRAMEWORKS_FOLDER_PATH}/GTMSessionFetcher.framework",
				"${TARGET_BUILD_DIR}/${FRAMEWORKS_FOLDER_PATH}/GoogleUtilities.framework",
				"${TARGET_BUILD_DIR}/${FRAMEWORKS_FOLDER_PATH}/Protobuf.framework",
				"${TARGET_BUILD_DIR}/${FRAMEWORKS_FOLDER_PATH}/leveldb.framework",
				"${TARGET_BUILD_DIR}/${FRAMEWORKS_FOLDER_PATH}/nanopb.framework",
			);
			runOnlyForDeploymentPostprocessing = 0;
			shellPath = /bin/sh;
			shellScript = "\"${PODS_ROOT}/Target Support Files/Pods-Pump/Pods-Pump-frameworks.sh\"\n";
			showEnvVarsInLog = 0;
		};
		F38446F7129D5D6D87BC6590 /* [CP] Check Pods Manifest.lock */ = {
			isa = PBXShellScriptBuildPhase;
			buildActionMask = 2147483647;
			files = (
			);
			inputFileListPaths = (
			);
			inputPaths = (
				"${PODS_PODFILE_DIR_PATH}/Podfile.lock",
				"${PODS_ROOT}/Manifest.lock",
			);
			name = "[CP] Check Pods Manifest.lock";
			outputFileListPaths = (
			);
			outputPaths = (
				"$(DERIVED_FILE_DIR)/Pods-PumpTests-checkManifestLockResult.txt",
			);
			runOnlyForDeploymentPostprocessing = 0;
			shellPath = /bin/sh;
			shellScript = "diff \"${PODS_PODFILE_DIR_PATH}/Podfile.lock\" \"${PODS_ROOT}/Manifest.lock\" > /dev/null\nif [ $? != 0 ] ; then\n    # print error to STDERR\n    echo \"error: The sandbox is not in sync with the Podfile.lock. Run 'pod install' or update your CocoaPods installation.\" >&2\n    exit 1\nfi\n# This output is used by Xcode 'outputs' to avoid re-running this script phase.\necho \"SUCCESS\" > \"${SCRIPT_OUTPUT_FILE_0}\"\n";
			showEnvVarsInLog = 0;
		};
/* End PBXShellScriptBuildPhase section */

/* Begin PBXSourcesBuildPhase section */
		D705042C229385E20099BE02 /* Sources */ = {
			isa = PBXSourcesBuildPhase;
			buildActionMask = 2147483647;
			files = (
				D77B5D0722A216F50082A63F /* TextFieldViewController.swift in Sources */,
				D7F4F01622994C70000589F4 /* DayRef.swift in Sources */,
				D78275532296340D009862BF /* BaseFirebaseRef.swift in Sources */,
				D782754D22962F20009862BF /* AdminMonthTableViewController.swift in Sources */,
				D75AF5D72298347E000E7C9B /* FirebaseTableViewCell.swift in Sources */,
				D79BCE8B229C79240099F5FD /* User.swift in Sources */,
				D7827558229641FD009862BF /* AddWeekTableViewCell.swift in Sources */,
				D782755622963CA1009862BF /* AdminWeekTableViewController.swift in Sources */,
				D75AF5E322983C75000E7C9B /* DayTableViewController.swift in Sources */,
				D705046A22943E3C0099BE02 /* Signal.swift in Sources */,
				D75AF5E622984115000E7C9B /* DayTableViewCell.swift in Sources */,
				D79BCE8F229CD7310099F5FD /* ProfileViewController.swift in Sources */,
				D7EC6C3322949F6600C597C2 /* ChatBox.swift in Sources */,
				D7050434229385E20099BE02 /* AppDelegate.swift in Sources */,
				D782754F22962FA3009862BF /* AddMonthTableViewCell.swift in Sources */,
				D7EEB944229AE4C300A8286C /* LoginViewController.swift in Sources */,
				D7050473229472660099BE02 /* SignalTableViewCell.swift in Sources */,
				D72C032F229FDE1E005C219F /* MainViewController.swift in Sources */,
				D782755D22970F9B009862BF /* AddDayTableViewCell.swift in Sources */,
				D782755A22970A7C009862BF /* AdminDayTableViewController.swift in Sources */,
				D75AF5E1229839B6000E7C9B /* WeekTableViewController.swift in Sources */,
				D770CB4722A375C400870971 /* NavigationViewController.swift in Sources */,
				D75AF5DF229838C1000E7C9B /* ProfitTableViewCell.swift in Sources */,
				D71021BC229DE52100AEFB30 /* OfferTableViewCell.swift in Sources */,
				D71021BE229E2CB400AEFB30 /* DeadlineView.swift in Sources */,
				D738B34C2295B01D007B4C05 /* SignalViewController.swift in Sources */,
				D7EEB942229AE4A400A8286C /* SignUpViewController.swift in Sources */,
				D782755122963347009862BF /* FirebaseTableViewController.swift in Sources */,
				D705046C229449E90099BE02 /* Constants.swift in Sources */,
				D79FED4722A1898700D553C9 /* WarningViewController.swift in Sources */,
				D71021BA229DE32400AEFB30 /* Offer.swift in Sources */,
				D75AF5DB229836C7000E7C9B /* MonthTableViewController.swift in Sources */,
				D7050471229472580099BE02 /* SignalTableViewController.swift in Sources */,
			);
			runOnlyForDeploymentPostprocessing = 0;
		};
		D7050440229385E30099BE02 /* Sources */ = {
			isa = PBXSourcesBuildPhase;
			buildActionMask = 2147483647;
			files = (
				D7050449229385E30099BE02 /* PumpTests.swift in Sources */,
			);
			runOnlyForDeploymentPostprocessing = 0;
		};
		D705044B229385E30099BE02 /* Sources */ = {
			isa = PBXSourcesBuildPhase;
			buildActionMask = 2147483647;
			files = (
				D7050454229385E30099BE02 /* PumpUITests.swift in Sources */,
			);
			runOnlyForDeploymentPostprocessing = 0;
		};
/* End PBXSourcesBuildPhase section */

/* Begin PBXTargetDependency section */
		D7050446229385E30099BE02 /* PBXTargetDependency */ = {
			isa = PBXTargetDependency;
			target = D705042F229385E20099BE02 /* Pump */;
			targetProxy = D7050445229385E30099BE02 /* PBXContainerItemProxy */;
		};
		D7050451229385E30099BE02 /* PBXTargetDependency */ = {
			isa = PBXTargetDependency;
			target = D705042F229385E20099BE02 /* Pump */;
			targetProxy = D7050450229385E30099BE02 /* PBXContainerItemProxy */;
		};
/* End PBXTargetDependency section */

/* Begin PBXVariantGroup section */
		D7050437229385E20099BE02 /* Main.storyboard */ = {
			isa = PBXVariantGroup;
			children = (
				D7050438229385E20099BE02 /* Base */,
			);
			name = Main.storyboard;
			sourceTree = "<group>";
		};
		D705043C229385E30099BE02 /* LaunchScreen.storyboard */ = {
			isa = PBXVariantGroup;
			children = (
				D705043D229385E30099BE02 /* Base */,
			);
			name = LaunchScreen.storyboard;
			sourceTree = "<group>";
		};
/* End PBXVariantGroup section */

/* Begin XCBuildConfiguration section */
		D7050456229385E30099BE02 /* Debug */ = {
			isa = XCBuildConfiguration;
			buildSettings = {
				ALWAYS_SEARCH_USER_PATHS = NO;
				CLANG_ANALYZER_NONNULL = YES;
				CLANG_ANALYZER_NUMBER_OBJECT_CONVERSION = YES_AGGRESSIVE;
				CLANG_CXX_LANGUAGE_STANDARD = "gnu++14";
				CLANG_CXX_LIBRARY = "libc++";
				CLANG_ENABLE_MODULES = YES;
				CLANG_ENABLE_OBJC_ARC = YES;
				CLANG_ENABLE_OBJC_WEAK = YES;
				CLANG_WARN_BLOCK_CAPTURE_AUTORELEASING = YES;
				CLANG_WARN_BOOL_CONVERSION = YES;
				CLANG_WARN_COMMA = YES;
				CLANG_WARN_CONSTANT_CONVERSION = YES;
				CLANG_WARN_DEPRECATED_OBJC_IMPLEMENTATIONS = YES;
				CLANG_WARN_DIRECT_OBJC_ISA_USAGE = YES_ERROR;
				CLANG_WARN_DOCUMENTATION_COMMENTS = YES;
				CLANG_WARN_EMPTY_BODY = YES;
				CLANG_WARN_ENUM_CONVERSION = YES;
				CLANG_WARN_INFINITE_RECURSION = YES;
				CLANG_WARN_INT_CONVERSION = YES;
				CLANG_WARN_NON_LITERAL_NULL_CONVERSION = YES;
				CLANG_WARN_OBJC_IMPLICIT_RETAIN_SELF = YES;
				CLANG_WARN_OBJC_LITERAL_CONVERSION = YES;
				CLANG_WARN_OBJC_ROOT_CLASS = YES_ERROR;
				CLANG_WARN_RANGE_LOOP_ANALYSIS = YES;
				CLANG_WARN_STRICT_PROTOTYPES = YES;
				CLANG_WARN_SUSPICIOUS_MOVE = YES;
				CLANG_WARN_UNGUARDED_AVAILABILITY = YES_AGGRESSIVE;
				CLANG_WARN_UNREACHABLE_CODE = YES;
				CLANG_WARN__DUPLICATE_METHOD_MATCH = YES;
				CODE_SIGN_IDENTITY = "iPhone Developer";
				COPY_PHASE_STRIP = NO;
				DEBUG_INFORMATION_FORMAT = dwarf;
				ENABLE_STRICT_OBJC_MSGSEND = YES;
				ENABLE_TESTABILITY = YES;
				GCC_C_LANGUAGE_STANDARD = gnu11;
				GCC_DYNAMIC_NO_PIC = NO;
				GCC_NO_COMMON_BLOCKS = YES;
				GCC_OPTIMIZATION_LEVEL = 0;
				GCC_PREPROCESSOR_DEFINITIONS = (
					"DEBUG=1",
					"$(inherited)",
				);
				GCC_WARN_64_TO_32_BIT_CONVERSION = YES;
				GCC_WARN_ABOUT_RETURN_TYPE = YES_ERROR;
				GCC_WARN_UNDECLARED_SELECTOR = YES;
				GCC_WARN_UNINITIALIZED_AUTOS = YES_AGGRESSIVE;
				GCC_WARN_UNUSED_FUNCTION = YES;
				GCC_WARN_UNUSED_VARIABLE = YES;
				IPHONEOS_DEPLOYMENT_TARGET = 12.2;
				MTL_ENABLE_DEBUG_INFO = INCLUDE_SOURCE;
				MTL_FAST_MATH = YES;
				ONLY_ACTIVE_ARCH = YES;
				SDKROOT = iphoneos;
				SWIFT_ACTIVE_COMPILATION_CONDITIONS = DEBUG;
				SWIFT_OPTIMIZATION_LEVEL = "-Onone";
			};
			name = Debug;
		};
		D7050457229385E30099BE02 /* Release */ = {
			isa = XCBuildConfiguration;
			buildSettings = {
				ALWAYS_SEARCH_USER_PATHS = NO;
				CLANG_ANALYZER_NONNULL = YES;
				CLANG_ANALYZER_NUMBER_OBJECT_CONVERSION = YES_AGGRESSIVE;
				CLANG_CXX_LANGUAGE_STANDARD = "gnu++14";
				CLANG_CXX_LIBRARY = "libc++";
				CLANG_ENABLE_MODULES = YES;
				CLANG_ENABLE_OBJC_ARC = YES;
				CLANG_ENABLE_OBJC_WEAK = YES;
				CLANG_WARN_BLOCK_CAPTURE_AUTORELEASING = YES;
				CLANG_WARN_BOOL_CONVERSION = YES;
				CLANG_WARN_COMMA = YES;
				CLANG_WARN_CONSTANT_CONVERSION = YES;
				CLANG_WARN_DEPRECATED_OBJC_IMPLEMENTATIONS = YES;
				CLANG_WARN_DIRECT_OBJC_ISA_USAGE = YES_ERROR;
				CLANG_WARN_DOCUMENTATION_COMMENTS = YES;
				CLANG_WARN_EMPTY_BODY = YES;
				CLANG_WARN_ENUM_CONVERSION = YES;
				CLANG_WARN_INFINITE_RECURSION = YES;
				CLANG_WARN_INT_CONVERSION = YES;
				CLANG_WARN_NON_LITERAL_NULL_CONVERSION = YES;
				CLANG_WARN_OBJC_IMPLICIT_RETAIN_SELF = YES;
				CLANG_WARN_OBJC_LITERAL_CONVERSION = YES;
				CLANG_WARN_OBJC_ROOT_CLASS = YES_ERROR;
				CLANG_WARN_RANGE_LOOP_ANALYSIS = YES;
				CLANG_WARN_STRICT_PROTOTYPES = YES;
				CLANG_WARN_SUSPICIOUS_MOVE = YES;
				CLANG_WARN_UNGUARDED_AVAILABILITY = YES_AGGRESSIVE;
				CLANG_WARN_UNREACHABLE_CODE = YES;
				CLANG_WARN__DUPLICATE_METHOD_MATCH = YES;
				CODE_SIGN_IDENTITY = "iPhone Developer";
				COPY_PHASE_STRIP = NO;
				DEBUG_INFORMATION_FORMAT = "dwarf-with-dsym";
				ENABLE_NS_ASSERTIONS = NO;
				ENABLE_STRICT_OBJC_MSGSEND = YES;
				GCC_C_LANGUAGE_STANDARD = gnu11;
				GCC_NO_COMMON_BLOCKS = YES;
				GCC_WARN_64_TO_32_BIT_CONVERSION = YES;
				GCC_WARN_ABOUT_RETURN_TYPE = YES_ERROR;
				GCC_WARN_UNDECLARED_SELECTOR = YES;
				GCC_WARN_UNINITIALIZED_AUTOS = YES_AGGRESSIVE;
				GCC_WARN_UNUSED_FUNCTION = YES;
				GCC_WARN_UNUSED_VARIABLE = YES;
				IPHONEOS_DEPLOYMENT_TARGET = 12.2;
				MTL_ENABLE_DEBUG_INFO = NO;
				MTL_FAST_MATH = YES;
				SDKROOT = iphoneos;
				SWIFT_COMPILATION_MODE = wholemodule;
				SWIFT_OPTIMIZATION_LEVEL = "-O";
				VALIDATE_PRODUCT = YES;
			};
			name = Release;
		};
		D7050459229385E30099BE02 /* Debug */ = {
			isa = XCBuildConfiguration;
			baseConfigurationReference = EB7FF9810345A907CA844B2B /* Pods-Pump.debug.xcconfig */;
			buildSettings = {
				ASSETCATALOG_COMPILER_APPICON_NAME = AppIcon;
				CODE_SIGN_ENTITLEMENTS = Pump/Pump.entitlements;
				CODE_SIGN_IDENTITY = "iPhone Developer";
				CODE_SIGN_STYLE = Automatic;
				DEVELOPMENT_TEAM = 785AXMUFKH;
				INFOPLIST_FILE = Pump/Info.plist;
				LD_RUNPATH_SEARCH_PATHS = (
					"$(inherited)",
					"@executable_path/Frameworks",
				);
				PRODUCT_BUNDLE_IDENTIFIER = com.pumptradesolutions.pump;
				PRODUCT_NAME = "$(TARGET_NAME)";
				PROVISIONING_PROFILE_SPECIFIER = "";
				SWIFT_VERSION = 5.0;
				TARGETED_DEVICE_FAMILY = "1,2";
			};
			name = Debug;
		};
		D705045A229385E30099BE02 /* Release */ = {
			isa = XCBuildConfiguration;
			baseConfigurationReference = FF3C6AE1703560822EBC9AF4 /* Pods-Pump.release.xcconfig */;
			buildSettings = {
				ASSETCATALOG_COMPILER_APPICON_NAME = AppIcon;
				CODE_SIGN_ENTITLEMENTS = Pump/Pump.entitlements;
				CODE_SIGN_IDENTITY = "iPhone Developer";
				CODE_SIGN_STYLE = Automatic;
				DEVELOPMENT_TEAM = 785AXMUFKH;
				INFOPLIST_FILE = Pump/Info.plist;
				LD_RUNPATH_SEARCH_PATHS = (
					"$(inherited)",
					"@executable_path/Frameworks",
				);
				PRODUCT_BUNDLE_IDENTIFIER = com.pumptradesolutions.pump;
				PRODUCT_NAME = "$(TARGET_NAME)";
				PROVISIONING_PROFILE_SPECIFIER = "";
				SWIFT_VERSION = 5.0;
				TARGETED_DEVICE_FAMILY = "1,2";
			};
			name = Release;
		};
		D705045C229385E30099BE02 /* Debug */ = {
			isa = XCBuildConfiguration;
			baseConfigurationReference = 76346687EB85CE911BD74DB9 /* Pods-PumpTests.debug.xcconfig */;
			buildSettings = {
				ALWAYS_EMBED_SWIFT_STANDARD_LIBRARIES = YES;
				BUNDLE_LOADER = "$(TEST_HOST)";
				CODE_SIGN_STYLE = Automatic;
				DEVELOPMENT_TEAM = QM43B7QRF9;
				INFOPLIST_FILE = PumpTests/Info.plist;
				LD_RUNPATH_SEARCH_PATHS = (
					"$(inherited)",
					"@executable_path/Frameworks",
					"@loader_path/Frameworks",
				);
				PRODUCT_BUNDLE_IDENTIFIER = io.github.pastre.PumpTests;
				PRODUCT_NAME = "$(TARGET_NAME)";
				SWIFT_VERSION = 5.0;
				TARGETED_DEVICE_FAMILY = "1,2";
				TEST_HOST = "$(BUILT_PRODUCTS_DIR)/Pump.app/Pump";
			};
			name = Debug;
		};
		D705045D229385E30099BE02 /* Release */ = {
			isa = XCBuildConfiguration;
			baseConfigurationReference = 035C3A9D42232BC50055F4AF /* Pods-PumpTests.release.xcconfig */;
			buildSettings = {
				ALWAYS_EMBED_SWIFT_STANDARD_LIBRARIES = YES;
				BUNDLE_LOADER = "$(TEST_HOST)";
				CODE_SIGN_STYLE = Automatic;
				DEVELOPMENT_TEAM = QM43B7QRF9;
				INFOPLIST_FILE = PumpTests/Info.plist;
				LD_RUNPATH_SEARCH_PATHS = (
					"$(inherited)",
					"@executable_path/Frameworks",
					"@loader_path/Frameworks",
				);
				PRODUCT_BUNDLE_IDENTIFIER = io.github.pastre.PumpTests;
				PRODUCT_NAME = "$(TARGET_NAME)";
				SWIFT_VERSION = 5.0;
				TARGETED_DEVICE_FAMILY = "1,2";
				TEST_HOST = "$(BUILT_PRODUCTS_DIR)/Pump.app/Pump";
			};
			name = Release;
		};
		D705045F229385E30099BE02 /* Debug */ = {
			isa = XCBuildConfiguration;
			baseConfigurationReference = 5F45399F898585F0DA18709A /* Pods-PumpUITests.debug.xcconfig */;
			buildSettings = {
				ALWAYS_EMBED_SWIFT_STANDARD_LIBRARIES = YES;
				CODE_SIGN_STYLE = Automatic;
				DEVELOPMENT_TEAM = QM43B7QRF9;
				INFOPLIST_FILE = PumpUITests/Info.plist;
				LD_RUNPATH_SEARCH_PATHS = (
					"$(inherited)",
					"@executable_path/Frameworks",
					"@loader_path/Frameworks",
				);
				PRODUCT_BUNDLE_IDENTIFIER = io.github.pastre.PumpUITests;
				PRODUCT_NAME = "$(TARGET_NAME)";
				SWIFT_VERSION = 5.0;
				TARGETED_DEVICE_FAMILY = "1,2";
				TEST_TARGET_NAME = Pump;
			};
			name = Debug;
		};
		D7050460229385E30099BE02 /* Release */ = {
			isa = XCBuildConfiguration;
			baseConfigurationReference = DDFDC1779746A48B27FED1B2 /* Pods-PumpUITests.release.xcconfig */;
			buildSettings = {
				ALWAYS_EMBED_SWIFT_STANDARD_LIBRARIES = YES;
				CODE_SIGN_STYLE = Automatic;
				DEVELOPMENT_TEAM = QM43B7QRF9;
				INFOPLIST_FILE = PumpUITests/Info.plist;
				LD_RUNPATH_SEARCH_PATHS = (
					"$(inherited)",
					"@executable_path/Frameworks",
					"@loader_path/Frameworks",
				);
				PRODUCT_BUNDLE_IDENTIFIER = io.github.pastre.PumpUITests;
				PRODUCT_NAME = "$(TARGET_NAME)";
				SWIFT_VERSION = 5.0;
				TARGETED_DEVICE_FAMILY = "1,2";
				TEST_TARGET_NAME = Pump;
			};
			name = Release;
		};
/* End XCBuildConfiguration section */

/* Begin XCConfigurationList section */
		D705042B229385E20099BE02 /* Build configuration list for PBXProject "Pump" */ = {
			isa = XCConfigurationList;
			buildConfigurations = (
				D7050456229385E30099BE02 /* Debug */,
				D7050457229385E30099BE02 /* Release */,
			);
			defaultConfigurationIsVisible = 0;
			defaultConfigurationName = Release;
		};
		D7050458229385E30099BE02 /* Build configuration list for PBXNativeTarget "Pump" */ = {
			isa = XCConfigurationList;
			buildConfigurations = (
				D7050459229385E30099BE02 /* Debug */,
				D705045A229385E30099BE02 /* Release */,
			);
			defaultConfigurationIsVisible = 0;
			defaultConfigurationName = Release;
		};
		D705045B229385E30099BE02 /* Build configuration list for PBXNativeTarget "PumpTests" */ = {
			isa = XCConfigurationList;
			buildConfigurations = (
				D705045C229385E30099BE02 /* Debug */,
				D705045D229385E30099BE02 /* Release */,
			);
			defaultConfigurationIsVisible = 0;
			defaultConfigurationName = Release;
		};
		D705045E229385E30099BE02 /* Build configuration list for PBXNativeTarget "PumpUITests" */ = {
			isa = XCConfigurationList;
			buildConfigurations = (
				D705045F229385E30099BE02 /* Debug */,
				D7050460229385E30099BE02 /* Release */,
			);
			defaultConfigurationIsVisible = 0;
			defaultConfigurationName = Release;
		};
/* End XCConfigurationList section */
	};
	rootObject = D7050428229385E20099BE02 /* Project object */;
}
